
Microsoft Visual Studio Solution File, Format Version 12.00
# Visual Studio Version 17
VisualStudioVersion = 17.9.34616.47
MinimumVisualStudioVersion = 10.0.40219.1
Project("{9A19103F-16F7-4668-BE54-9A1E7A4F7556}") = "CtrlAltQuest.Blazor", "CtrlAltQuest.Blazor\CtrlAltQuest.Blazor.csproj", "{1BE633B8-711B-4960-9C3D-62AC4BEA5451}"
EndProject
Project("{9A19103F-16F7-4668-BE54-9A1E7A4F7556}") = "CtrlAltQuest.Pathfinder2e", "CtrlAltQuest.Pathfinder2e\CtrlAltQuest.Pathfinder2e.csproj", "{1BEA7F7E-7FCD-41C0-8CA0-A37DB4ECE5B9}"
EndProject
Project("{2150E333-8FDC-42A3-9474-1A3956D46DE8}") = "Items", "Items", "{89424A41-B04B-4EF4-B331-6B5D13F1C777}"
	ProjectSection(SolutionItems) = preProject
		ATTRIBUTION = ATTRIBUTION
		..\communitPlayerRules.md = ..\communitPlayerRules.md
		..\LICENSE = ..\LICENSE
		..\README.md = ..\README.md
		..\tasks.md = ..\tasks.md
	EndProjectSection
EndProject
Project("{9A19103F-16F7-4668-BE54-9A1E7A4F7556}") = "CtrlAltQuest.CLI", "CtrlAltQuest.CLI\CtrlAltQuest.CLI.csproj", "{5DADF6BA-AB03-4837-AC68-692BA679545D}"
EndProject
Project("{9A19103F-16F7-4668-BE54-9A1E7A4F7556}") = "CtrlAltQuest.Common", "CtrlAltQuest.Common\CtrlAltQuest.Common.csproj", "{425C6CF7-5DA2-471E-890D-62E4C6F2C9A7}"
EndProject
Project("{9A19103F-16F7-4668-BE54-9A1E7A4F7556}") = "CtrlAltQuest.Pathfinder2e.Tests", "CtrlAltQuest.Pathfinder2e.Tests\CtrlAltQuest.Pathfinder2e.Tests.csproj", "{1A9259CA-B7AA-4A9A-9996-EDF013E85C64}"
EndProject
Project("{2150E333-8FDC-42A3-9474-1A3956D46DE8}") = "Solution Items", "Solution Items", "{8EC462FD-D22E-90A8-E5CE-7E832BA40C5D}"
EndProject
Global
	GlobalSection(SolutionConfigurationPlatforms) = preSolution
		Debug|Any CPU = Debug|Any CPU
		Release|Any CPU = Release|Any CPU
	EndGlobalSection
	GlobalSection(ProjectConfigurationPlatforms) = postSolution
		{1BE633B8-711B-4960-9C3D-62AC4BEA5451}.Debug|Any CPU.ActiveCfg = Debug|Any CPU
		{1BE633B8-711B-4960-9C3D-62AC4BEA5451}.Debug|Any CPU.Build.0 = Debug|Any CPU
		{1BE633B8-711B-4960-9C3D-62AC4BEA5451}.Release|Any CPU.ActiveCfg = Release|Any CPU
		{1BE633B8-711B-4960-9C3D-62AC4BEA5451}.Release|Any CPU.Build.0 = Release|Any CPU
		{1BEA7F7E-7FCD-41C0-8CA0-A37DB4ECE5B9}.Debug|Any CPU.ActiveCfg = Debug|Any CPU
		{1BEA7F7E-7FCD-41C0-8CA0-A37DB4ECE5B9}.Debug|Any CPU.Build.0 = Debug|Any CPU
		{1BEA7F7E-7FCD-41C0-8CA0-A37DB4ECE5B9}.Release|Any CPU.ActiveCfg = Release|Any CPU
		{1BEA7F7E-7FCD-41C0-8CA0-A37DB4ECE5B9}.Release|Any CPU.Build.0 = Release|Any CPU
		{5DADF6BA-AB03-4837-AC68-692BA679545D}.Debug|Any CPU.ActiveCfg = Debug|Any CPU
		{5DADF6BA-AB03-4837-AC68-692BA679545D}.Debug|Any CPU.Build.0 = Debug|Any CPU
		{5DADF6BA-AB03-4837-AC68-692BA679545D}.Release|Any CPU.ActiveCfg = Release|Any CPU
		{5DADF6BA-AB03-4837-AC68-692BA679545D}.Release|Any CPU.Build.0 = Release|Any CPU
		{425C6CF7-5DA2-471E-890D-62E4C6F2C9A7}.Debug|Any CPU.ActiveCfg = Debug|Any CPU
		{425C6CF7-5DA2-471E-890D-62E4C6F2C9A7}.Debug|Any CPU.Build.0 = Debug|Any CPU
		{425C6CF7-5DA2-471E-890D-62E4C6F2C9A7}.Release|Any CPU.ActiveCfg = Release|Any CPU
		{425C6CF7-5DA2-471E-890D-62E4C6F2C9A7}.Release|Any CPU.Build.0 = Release|Any CPU
		{1A9259CA-B7AA-4A9A-9996-EDF013E85C64}.Debug|Any CPU.ActiveCfg = Debug|Any CPU
		{1A9259CA-B7AA-4A9A-9996-EDF013E85C64}.Debug|Any CPU.Build.0 = Debug|Any CPU
		{1A9259CA-B7AA-4A9A-9996-EDF013E85C64}.Release|Any CPU.ActiveCfg = Release|Any CPU
		{1A9259CA-B7AA-4A9A-9996-EDF013E85C64}.Release|Any CPU.Build.0 = Release|Any CPU
	EndGlobalSection
	GlobalSection(SolutionProperties) = preSolution
		HideSolutionNode = FALSE
	EndGlobalSection
	GlobalSection(ExtensibilityGlobals) = postSolution
		SolutionGuid = {50A50C95-A9F5-4E00-8E08-6943C620D85C}
	EndGlobalSection
EndGlobal
